[[package]]
category = "dev"
description = "Atomic file writes."
marker = "sys_platform == \"win32\""
name = "atomicwrites"
optional = false
python-versions = ">=2.7, !=3.0.*, !=3.1.*, !=3.2.*, !=3.3.*"
version = "1.4.0"

[[package]]
category = "main"
description = "Classes Without Boilerplate"
name = "attrs"
optional = false
python-versions = ">=2.7, !=3.0.*, !=3.1.*, !=3.2.*, !=3.3.*"
version = "19.3.0"

[package.extras]
azure-pipelines = ["coverage", "hypothesis", "pympler", "pytest (>=4.3.0)", "six", "zope.interface", "pytest-azurepipelines"]
dev = ["coverage", "hypothesis", "pympler", "pytest (>=4.3.0)", "six", "zope.interface", "sphinx", "pre-commit"]
docs = ["sphinx", "zope.interface"]
tests = ["coverage", "hypothesis", "pympler", "pytest (>=4.3.0)", "six", "zope.interface"]

[[package]]
category = "main"
description = "Fast, simple object-to-object and broadcast signaling"
name = "blinker"
optional = false
python-versions = "*"
version = "1.4"

[[package]]
category = "main"
description = "Python package for providing Mozilla's CA Bundle."
name = "certifi"
optional = false
python-versions = "*"
version = "2020.6.20"

[[package]]
category = "main"
description = "Universal encoding detector for Python 2 and 3"
name = "chardet"
optional = false
python-versions = "*"
version = "3.0.4"

[[package]]
category = "main"
description = "Composable command line interface toolkit"
name = "click"
optional = false
python-versions = ">=2.7, !=3.0.*, !=3.1.*, !=3.2.*, !=3.3.*, !=3.4.*"
version = "7.1.2"

[[package]]
category = "main"
description = "Cross-platform colored terminal text."
name = "colorama"
optional = false
python-versions = ">=2.7, !=3.0.*, !=3.1.*, !=3.2.*, !=3.3.*, !=3.4.*"
version = "0.4.3"

[[package]]
category = "main"
description = "Terminal string styling done right, in Python."
name = "colorful"
optional = false
python-versions = "*"
version = "0.5.4"

[package.dependencies]
colorama = "*"

[[package]]
category = "dev"
description = "Code coverage measurement for Python"
name = "coverage"
optional = false
python-versions = ">=2.7, !=3.0.*, !=3.1.*, !=3.2.*, !=3.3.*, !=3.4.*, <4"
version = "5.1"

[package.extras]
toml = ["toml"]

[[package]]
category = "main"
description = "cssselect parses CSS3 Selectors and translates them to XPath 1.0"
name = "cssselect"
optional = true
python-versions = ">=2.7, !=3.0.*, !=3.1.*, !=3.2.*, !=3.3.*"
version = "1.1.0"

[[package]]
category = "main"
description = "Decorators for Humans"
name = "decorator"
optional = true
python-versions = ">=2.6, !=3.0.*, !=3.1.*"
version = "4.4.2"

[[package]]
category = "main"
description = "XML bomb protection for Python stdlib modules"
name = "defusedxml"
optional = false
python-versions = ">=2.7, !=3.0.*, !=3.1.*, !=3.2.*, !=3.3.*, !=3.4.*"
version = "0.6.0"

[[package]]
category = "main"
description = "Git Object Database"
name = "gitdb"
optional = false
python-versions = ">=3.4"
version = "4.0.5"

[package.dependencies]
smmap = ">=3.0.1,<4"

[[package]]
category = "main"
description = "Python Git Library"
name = "gitpython"
optional = false
python-versions = ">=3.4"
version = "3.1.3"

[package.dependencies]
gitdb = ">=4.0.1,<5"

[[package]]
category = "main"
description = "Internationalized Domain Names in Applications (IDNA)"
name = "idna"
optional = false
python-versions = ">=2.7, !=3.0.*, !=3.1.*, !=3.2.*, !=3.3.*"
version = "2.10"

[[package]]
category = "main"
description = "Read metadata from Python packages"
marker = "python_version < \"3.8\""
name = "importlib-metadata"
optional = false
python-versions = "!=3.0.*,!=3.1.*,!=3.2.*,!=3.3.*,!=3.4.*,>=2.7"
version = "1.7.0"

[package.dependencies]
zipp = ">=0.5"

[package.extras]
docs = ["sphinx", "rst.linker"]
testing = ["packaging", "pep517", "importlib-resources (>=1.3)"]

[[package]]
category = "main"
description = "A very fast and expressive template engine."
name = "jinja2"
optional = false
python-versions = ">=2.7, !=3.0.*, !=3.1.*, !=3.2.*, !=3.3.*, !=3.4.*"
version = "2.11.2"

[package.dependencies]
MarkupSafe = ">=0.23"

[package.extras]
i18n = ["Babel (>=0.8)"]

[[package]]
category = "main"
description = "An implementation of JSON Schema validation for Python"
name = "jsonschema"
optional = false
python-versions = "*"
version = "3.2.0"

[package.dependencies]
attrs = ">=17.4.0"
pyrsistent = ">=0.14.0"
setuptools = "*"
six = ">=1.11.0"

[package.dependencies.importlib-metadata]
python = "<3.8"
version = "*"

[package.extras]
format = ["idna", "jsonpointer (>1.13)", "rfc3987", "strict-rfc3339", "webcolors"]
format_nongpl = ["idna", "jsonpointer (>1.13)", "webcolors", "rfc3986-validator (>0.1.0)", "rfc3339-validator"]

[[package]]
category = "main"
description = "Powerful and Pythonic XML processing library combining libxml2/libxslt with the ElementTree API."
name = "lxml"
optional = false
python-versions = ">=2.7, !=3.0.*, !=3.1.*, !=3.2.*, !=3.3.*, != 3.4.*"
version = "4.5.1"

[package.extras]
cssselect = ["cssselect (>=0.7)"]
html5 = ["html5lib"]
htmlsoup = ["beautifulsoup4"]
source = ["Cython (>=0.29.7)"]

[[package]]
category = "main"
description = "Safely add untrusted strings to HTML/XML markup."
name = "markupsafe"
optional = false
python-versions = ">=2.7,!=3.0.*,!=3.1.*,!=3.2.*,!=3.3.*"
version = "1.1.1"

[[package]]
category = "dev"
description = "More routines for operating on iterables, beyond itertools"
name = "more-itertools"
optional = false
python-versions = ">=3.5"
version = "8.4.0"

[[package]]
category = "main"
description = "Python package for creating and manipulating graphs and networks"
name = "networkx"
optional = true
python-versions = ">=3.5"
version = "2.4"

[package.dependencies]
decorator = ">=4.3.0"

[package.extras]
all = ["numpy", "scipy", "pandas", "matplotlib", "pygraphviz", "pydot", "pyyaml", "gdal", "lxml", "pytest"]
gdal = ["gdal"]
lxml = ["lxml"]
matplotlib = ["matplotlib"]
numpy = ["numpy"]
pandas = ["pandas"]
pydot = ["pydot"]
pygraphviz = ["pygraphviz"]
pytest = ["pytest"]
pyyaml = ["pyyaml"]
scipy = ["scipy"]

[[package]]
category = "main"
description = "Core utilities for Python packages"
name = "packaging"
optional = false
python-versions = ">=2.7, !=3.0.*, !=3.1.*, !=3.2.*, !=3.3.*"
version = "20.4"

[package.dependencies]
pyparsing = ">=2.0.2"
six = "*"

[[package]]
category = "dev"
description = "plugin and hook calling mechanisms for python"
name = "pluggy"
optional = false
python-versions = ">=2.7, !=3.0.*, !=3.1.*, !=3.2.*, !=3.3.*"
version = "0.13.1"

[package.dependencies]
[package.dependencies.importlib-metadata]
python = "<3.8"
version = ">=0.12"

[package.extras]
dev = ["pre-commit", "tox"]

[[package]]
category = "main"
description = "Syntax-highlighting, declarative and composable pretty printer for Python 3.5+"
name = "prettyprinter"
optional = false
python-versions = "*"
version = "0.18.0"

[package.dependencies]
Pygments = ">=2.2.0"
colorful = ">=0.4.0"

[[package]]
category = "dev"
description = "library with cross-python path, ini-parsing, io, code, log facilities"
name = "py"
optional = false
python-versions = ">=2.7, !=3.0.*, !=3.1.*, !=3.2.*, !=3.3.*"
version = "1.9.0"

[[package]]
category = "main"
description = "Pygments is a syntax highlighting package written in Python."
name = "pygments"
optional = false
python-versions = ">=3.5"
version = "2.6.1"

[[package]]
category = "main"
description = "Python parsing module"
name = "pyparsing"
optional = false
python-versions = ">=2.6, !=3.0.*, !=3.1.*, !=3.2.*"
version = "2.4.7"

[[package]]
category = "main"
description = "Persistent/Functional/Immutable data structures"
name = "pyrsistent"
optional = false
python-versions = "*"
version = "0.16.0"

[package.dependencies]
six = "*"

[[package]]
category = "dev"
description = "pytest: simple powerful testing with Python"
name = "pytest"
optional = false
python-versions = ">=3.5"
version = "5.4.3"

[package.dependencies]
atomicwrites = ">=1.0"
attrs = ">=17.4.0"
colorama = "*"
more-itertools = ">=4.0.0"
packaging = "*"
pluggy = ">=0.12,<1.0"
py = ">=1.5.0"
wcwidth = "*"

[package.dependencies.importlib-metadata]
python = "<3.8"
version = ">=0.12"

[package.extras]
checkqa-mypy = ["mypy (v0.761)"]
testing = ["argcomplete", "hypothesis (>=3.56)", "mock", "nose", "requests", "xmlschema"]

[[package]]
category = "dev"
description = "Pytest plugin for measuring coverage."
name = "pytest-cov"
optional = false
python-versions = ">=2.7, !=3.0.*, !=3.1.*, !=3.2.*, !=3.3.*, !=3.4.*"
version = "2.10.0"

[package.dependencies]
coverage = ">=4.4"
pytest = ">=4.6"

[package.extras]
testing = ["fields", "hunter", "process-tests (2.0.2)", "six", "pytest-xdist", "virtualenv"]

[[package]]
category = "dev"
description = "Pytest plugin to randomly order tests and control random.seed."
name = "pytest-randomly"
optional = false
python-versions = ">=3.5"
version = "3.4.0"

[package.dependencies]
pytest = "*"

[package.dependencies.importlib-metadata]
python = "<3.8"
version = "*"

[[package]]
category = "main"
description = "File type identification using libmagic"
name = "python-magic"
optional = false
python-versions = ">=2.7, !=3.0.*, !=3.1.*, !=3.2.*, !=3.3.*, !=3.4.*"
version = "0.4.18"

[[package]]
category = "main"
description = "Python wrapper around rapidjson"
name = "python-rapidjson"
optional = false
python-versions = ">=3.4"
version = "0.9.1"

[[package]]
category = "main"
description = "TLSH (C++ Python extension)"
name = "python-tlsh"
optional = false
python-versions = "*"
version = "3.17.0"

[[package]]
category = "main"
description = "World timezone definitions, modern and historical"
name = "pytz"
optional = false
python-versions = "*"
version = "2020.1"

[[package]]
category = "main"
description = "Python HTTP for Humans."
name = "requests"
optional = false
python-versions = ">=2.7, !=3.0.*, !=3.1.*, !=3.2.*, !=3.3.*, !=3.4.*"
version = "2.24.0"

[package.dependencies]
certifi = ">=2017.4.17"
chardet = ">=3.0.2,<4"
idna = ">=2.5,<3"
urllib3 = ">=1.21.1,<1.25.0 || >1.25.0,<1.25.1 || >1.25.1,<1.26"

[package.extras]
security = ["pyOpenSSL (>=0.14)", "cryptography (>=1.3.4)"]
socks = ["PySocks (>=1.5.6,<1.5.7 || >1.5.7)", "win-inet-pton"]

[[package]]
category = "main"
description = "Parses Pip requirement files"
name = "requirements-parser"
optional = false
python-versions = "*"
version = "0.2.0"

[[package]]
category = "dev"
description = "A utility library for mocking out the `requests` Python library."
name = "responses"
optional = false
python-versions = ">=2.7, !=3.0.*, !=3.1.*, !=3.2.*, !=3.3.*"
version = "0.10.15"

[package.dependencies]
requests = ">=2.0"
six = "*"

[package.extras]
tests = ["coverage (>=3.7.1,<5.0.0)", "pytest-cov", "pytest-localserver", "flake8", "pytest (>=4.6,<5.0)", "pytest"]

[[package]]
category = "main"
description = "Simple, fast, extensible JSON encoder/decoder for Python"
name = "simplejson"
optional = false
python-versions = ">=2.5, !=3.0.*, !=3.1.*, !=3.2.*"
version = "3.17.0"

[[package]]
category = "main"
description = "Python 2 and 3 compatibility utilities"
name = "six"
optional = false
python-versions = ">=2.7, !=3.0.*, !=3.1.*, !=3.2.*"
version = "1.15.0"

[[package]]
category = "main"
description = "A pure Python implementation of a sliding window memory map manager"
name = "smmap"
optional = false
python-versions = ">=2.7, !=3.0.*, !=3.1.*, !=3.2.*, !=3.3.*"
version = "3.0.4"

[[package]]
category = "main"
description = "Compute distance between the two texts."
name = "textdistance"
optional = false
python-versions = "*"
version = "4.2.0"

[package.extras]
DamerauLevenshtein = ["abydos", "jellyfish", "numpy", "python-levenshtein", "pyxdameraulevenshtein"]
Hamming = ["abydos", "distance", "jellyfish", "numpy", "py-stringmatching", "pylev", "python-levenshtein", "pyxdameraulevenshtein", "tabulate"]
Jaro = ["abydos", "jellyfish", "numpy", "python-levenshtein", "pyxdameraulevenshtein"]
JaroWinkler = ["abydos", "jellyfish", "numpy", "python-levenshtein", "pyxdameraulevenshtein"]
Levenshtein = ["abydos", "jellyfish", "numpy", "python-levenshtein", "pyxdameraulevenshtein"]
all = ["abydos", "distance", "jellyfish", "numpy", "py-stringmatching", "pylev", "python-levenshtein", "pyxdameraulevenshtein", "tabulate"]
benchmark = ["abydos", "distance", "jellyfish", "numpy", "py-stringmatching", "pylev", "python-levenshtein", "pyxdameraulevenshtein", "tabulate"]
benchmarks = ["abydos", "distance", "jellyfish", "numpy", "py-stringmatching", "pylev", "python-levenshtein", "pyxdameraulevenshtein", "tabulate"]
common = ["abydos", "jellyfish", "numpy", "python-levenshtein", "pyxdameraulevenshtein"]
extra = ["abydos", "jellyfish", "numpy", "python-levenshtein", "pyxdameraulevenshtein"]
extras = ["abydos", "jellyfish", "numpy", "python-levenshtein", "pyxdameraulevenshtein"]
test = ["hypothesis", "isort", "pytest"]

[[package]]
category = "main"
description = "Fast, Extensible Progress Meter"
name = "tqdm"
optional = false
python-versions = ">=2.6, !=3.0.*, !=3.1.*"
version = "4.46.1"

[package.extras]
dev = ["py-make (>=0.1.0)", "twine", "argopt", "pydoc-markdown"]

[[package]]
category = "main"
description = "HTTP library with thread-safe connection pooling, file post, and more."
name = "urllib3"
optional = false
python-versions = ">=2.7, !=3.0.*, !=3.1.*, !=3.2.*, !=3.3.*, !=3.4.*, <4"
version = "1.25.9"

[package.extras]
brotli = ["brotlipy (>=0.6.0)"]
secure = ["certifi", "cryptography (>=1.3.4)", "idna (>=2.0.0)", "pyOpenSSL (>=0.14)", "ipaddress"]
socks = ["PySocks (>=1.5.6,<1.5.7 || >1.5.7,<2.0)"]

[[package]]
category = "dev"
description = "Measures the displayed width of unicode strings in a terminal"
name = "wcwidth"
optional = false
python-versions = "*"
version = "0.2.5"

[[package]]
category = "main"
description = "Python interface for YARA"
name = "yara-python"
optional = true
python-versions = "*"
version = "4.0.2"

[[package]]
category = "main"
description = "Backport of pathlib-compatible object wrapper for zip files"
marker = "python_version < \"3.8\""
name = "zipp"
optional = false
python-versions = ">=3.6"
version = "3.1.0"

[package.extras]
docs = ["sphinx", "jaraco.packaging (>=3.2)", "rst.linker (>=1.9)"]
testing = ["jaraco.itertools", "func-timeout"]

[extras]
full = ["yara-python", "networkx", "cssselect"]

[metadata]
content-hash = "3819abdb0f04c2e8cbce09bfa5117edae485517703aa88e2082928bd440d32a3"
python-versions = "^3.7 || ^3.8"

[metadata.files]
atomicwrites = [
    {file = "atomicwrites-1.4.0-py2.py3-none-any.whl", hash = "sha256:6d1784dea7c0c8d4a5172b6c620f40b6e4cbfdf96d783691f2e1302a7b88e197"},
    {file = "atomicwrites-1.4.0.tar.gz", hash = "sha256:ae70396ad1a434f9c7046fd2dd196fc04b12f9e91ffb859164193be8b6168a7a"},
]
attrs = [
    {file = "attrs-19.3.0-py2.py3-none-any.whl", hash = "sha256:08a96c641c3a74e44eb59afb61a24f2cb9f4d7188748e76ba4bb5edfa3cb7d1c"},
    {file = "attrs-19.3.0.tar.gz", hash = "sha256:f7b7ce16570fe9965acd6d30101a28f62fb4a7f9e926b3bbc9b61f8b04247e72"},
]
blinker = [
    {file = "blinker-1.4.tar.gz", hash = "sha256:471aee25f3992bd325afa3772f1063dbdbbca947a041b8b89466dc00d606f8b6"},
]
certifi = [
    {file = "certifi-2020.6.20-py2.py3-none-any.whl", hash = "sha256:8fc0819f1f30ba15bdb34cceffb9ef04d99f420f68eb75d901e9560b8749fc41"},
    {file = "certifi-2020.6.20.tar.gz", hash = "sha256:5930595817496dd21bb8dc35dad090f1c2cd0adfaf21204bf6732ca5d8ee34d3"},
]
chardet = [
    {file = "chardet-3.0.4-py2.py3-none-any.whl", hash = "sha256:fc323ffcaeaed0e0a02bf4d117757b98aed530d9ed4531e3e15460124c106691"},
    {file = "chardet-3.0.4.tar.gz", hash = "sha256:84ab92ed1c4d4f16916e05906b6b75a6c0fb5db821cc65e70cbd64a3e2a5eaae"},
]
click = [
    {file = "click-7.1.2-py2.py3-none-any.whl", hash = "sha256:dacca89f4bfadd5de3d7489b7c8a566eee0d3676333fbb50030263894c38c0dc"},
    {file = "click-7.1.2.tar.gz", hash = "sha256:d2b5255c7c6349bc1bd1e59e08cd12acbbd63ce649f2588755783aa94dfb6b1a"},
]
colorama = [
    {file = "colorama-0.4.3-py2.py3-none-any.whl", hash = "sha256:7d73d2a99753107a36ac6b455ee49046802e59d9d076ef8e47b61499fa29afff"},
    {file = "colorama-0.4.3.tar.gz", hash = "sha256:e96da0d330793e2cb9485e9ddfd918d456036c7149416295932478192f4436a1"},
]
colorful = [
    {file = "colorful-0.5.4-py2.py3-none-any.whl", hash = "sha256:8d264b52a39aae4c0ba3e2a46afbaec81b0559a99be0d2cfe2aba4cf94531348"},
    {file = "colorful-0.5.4.tar.gz", hash = "sha256:86848ad4e2eda60cd2519d8698945d22f6f6551e23e95f3f14dfbb60997807ea"},
]
coverage = [
    {file = "coverage-5.1-cp27-cp27m-macosx_10_12_x86_64.whl", hash = "sha256:0cb4be7e784dcdc050fc58ef05b71aa8e89b7e6636b99967fadbdba694cf2b65"},
    {file = "coverage-5.1-cp27-cp27m-macosx_10_13_intel.whl", hash = "sha256:c317eaf5ff46a34305b202e73404f55f7389ef834b8dbf4da09b9b9b37f76dd2"},
    {file = "coverage-5.1-cp27-cp27m-manylinux1_i686.whl", hash = "sha256:b83835506dfc185a319031cf853fa4bb1b3974b1f913f5bb1a0f3d98bdcded04"},
    {file = "coverage-5.1-cp27-cp27m-manylinux1_x86_64.whl", hash = "sha256:5f2294dbf7875b991c381e3d5af2bcc3494d836affa52b809c91697449d0eda6"},
    {file = "coverage-5.1-cp27-cp27m-win32.whl", hash = "sha256:de807ae933cfb7f0c7d9d981a053772452217df2bf38e7e6267c9cbf9545a796"},
    {file = "coverage-5.1-cp27-cp27m-win_amd64.whl", hash = "sha256:bf9cb9a9fd8891e7efd2d44deb24b86d647394b9705b744ff6f8261e6f29a730"},
    {file = "coverage-5.1-cp27-cp27mu-manylinux1_i686.whl", hash = "sha256:acf3763ed01af8410fc36afea23707d4ea58ba7e86a8ee915dfb9ceff9ef69d0"},
    {file = "coverage-5.1-cp27-cp27mu-manylinux1_x86_64.whl", hash = "sha256:dec5202bfe6f672d4511086e125db035a52b00f1648d6407cc8e526912c0353a"},
    {file = "coverage-5.1-cp35-cp35m-macosx_10_12_x86_64.whl", hash = "sha256:7a5bdad4edec57b5fb8dae7d3ee58622d626fd3a0be0dfceda162a7035885ecf"},
    {file = "coverage-5.1-cp35-cp35m-manylinux1_i686.whl", hash = "sha256:1601e480b9b99697a570cea7ef749e88123c04b92d84cedaa01e117436b4a0a9"},
    {file = "coverage-5.1-cp35-cp35m-manylinux1_x86_64.whl", hash = "sha256:dbe8c6ae7534b5b024296464f387d57c13caa942f6d8e6e0346f27e509f0f768"},
    {file = "coverage-5.1-cp35-cp35m-win32.whl", hash = "sha256:a027ef0492ede1e03a8054e3c37b8def89a1e3c471482e9f046906ba4f2aafd2"},
    {file = "coverage-5.1-cp35-cp35m-win_amd64.whl", hash = "sha256:0e61d9803d5851849c24f78227939c701ced6704f337cad0a91e0972c51c1ee7"},
    {file = "coverage-5.1-cp36-cp36m-macosx_10_13_x86_64.whl", hash = "sha256:2d27a3f742c98e5c6b461ee6ef7287400a1956c11421eb574d843d9ec1f772f0"},
    {file = "coverage-5.1-cp36-cp36m-manylinux1_i686.whl", hash = "sha256:66460ab1599d3cf894bb6baee8c684788819b71a5dc1e8fa2ecc152e5d752019"},
    {file = "coverage-5.1-cp36-cp36m-manylinux1_x86_64.whl", hash = "sha256:5c542d1e62eece33c306d66fe0a5c4f7f7b3c08fecc46ead86d7916684b36d6c"},
    {file = "coverage-5.1-cp36-cp36m-win32.whl", hash = "sha256:2742c7515b9eb368718cd091bad1a1b44135cc72468c731302b3d641895b83d1"},
    {file = "coverage-5.1-cp36-cp36m-win_amd64.whl", hash = "sha256:dead2ddede4c7ba6cb3a721870f5141c97dc7d85a079edb4bd8d88c3ad5b20c7"},
    {file = "coverage-5.1-cp37-cp37m-macosx_10_13_x86_64.whl", hash = "sha256:01333e1bd22c59713ba8a79f088b3955946e293114479bbfc2e37d522be03355"},
    {file = "coverage-5.1-cp37-cp37m-manylinux1_i686.whl", hash = "sha256:e1ea316102ea1e1770724db01998d1603ed921c54a86a2efcb03428d5417e489"},
    {file = "coverage-5.1-cp37-cp37m-manylinux1_x86_64.whl", hash = "sha256:adeb4c5b608574a3d647011af36f7586811a2c1197c861aedb548dd2453b41cd"},
    {file = "coverage-5.1-cp37-cp37m-win32.whl", hash = "sha256:782caea581a6e9ff75eccda79287daefd1d2631cc09d642b6ee2d6da21fc0a4e"},
    {file = "coverage-5.1-cp37-cp37m-win_amd64.whl", hash = "sha256:00f1d23f4336efc3b311ed0d807feb45098fc86dee1ca13b3d6768cdab187c8a"},
    {file = "coverage-5.1-cp38-cp38-macosx_10_13_x86_64.whl", hash = "sha256:402e1744733df483b93abbf209283898e9f0d67470707e3c7516d84f48524f55"},
    {file = "coverage-5.1-cp38-cp38-manylinux1_i686.whl", hash = "sha256:a3f3654d5734a3ece152636aad89f58afc9213c6520062db3978239db122f03c"},
    {file = "coverage-5.1-cp38-cp38-manylinux1_x86_64.whl", hash = "sha256:6402bd2fdedabbdb63a316308142597534ea8e1895f4e7d8bf7476c5e8751fef"},
    {file = "coverage-5.1-cp38-cp38-win32.whl", hash = "sha256:8fa0cbc7ecad630e5b0f4f35b0f6ad419246b02bc750de7ac66db92667996d24"},
    {file = "coverage-5.1-cp38-cp38-win_amd64.whl", hash = "sha256:79a3cfd6346ce6c13145731d39db47b7a7b859c0272f02cdb89a3bdcbae233a0"},
    {file = "coverage-5.1-cp39-cp39-win32.whl", hash = "sha256:a82b92b04a23d3c8a581fc049228bafde988abacba397d57ce95fe95e0338ab4"},
    {file = "coverage-5.1-cp39-cp39-win_amd64.whl", hash = "sha256:bb28a7245de68bf29f6fb199545d072d1036a1917dca17a1e75bbb919e14ee8e"},
    {file = "coverage-5.1.tar.gz", hash = "sha256:f90bfc4ad18450c80b024036eaf91e4a246ae287701aaa88eaebebf150868052"},
]
cssselect = [
    {file = "cssselect-1.1.0-py2.py3-none-any.whl", hash = "sha256:f612ee47b749c877ebae5bb77035d8f4202c6ad0f0fc1271b3c18ad6c4468ecf"},
    {file = "cssselect-1.1.0.tar.gz", hash = "sha256:f95f8dedd925fd8f54edb3d2dfb44c190d9d18512377d3c1e2388d16126879bc"},
]
decorator = [
    {file = "decorator-4.4.2-py2.py3-none-any.whl", hash = "sha256:41fa54c2a0cc4ba648be4fd43cff00aedf5b9465c9bf18d64325bc225f08f760"},
    {file = "decorator-4.4.2.tar.gz", hash = "sha256:e3a62f0520172440ca0dcc823749319382e377f37f140a0b99ef45fecb84bfe7"},
]
defusedxml = [
    {file = "defusedxml-0.6.0-py2.py3-none-any.whl", hash = "sha256:6687150770438374ab581bb7a1b327a847dd9c5749e396102de3fad4e8a3ef93"},
    {file = "defusedxml-0.6.0.tar.gz", hash = "sha256:f684034d135af4c6cbb949b8a4d2ed61634515257a67299e5f940fbaa34377f5"},
]
gitdb = [
    {file = "gitdb-4.0.5-py3-none-any.whl", hash = "sha256:91f36bfb1ab7949b3b40e23736db18231bf7593edada2ba5c3a174a7b23657ac"},
    {file = "gitdb-4.0.5.tar.gz", hash = "sha256:c9e1f2d0db7ddb9a704c2a0217be31214e91a4fe1dea1efad19ae42ba0c285c9"},
]
gitpython = [
    {file = "GitPython-3.1.3-py3-none-any.whl", hash = "sha256:ef1d60b01b5ce0040ad3ec20bc64f783362d41fa0822a2742d3586e1f49bb8ac"},
    {file = "GitPython-3.1.3.tar.gz", hash = "sha256:e107af4d873daed64648b4f4beb89f89f0cfbe3ef558fc7821ed2331c2f8da1a"},
]
idna = [
    {file = "idna-2.10-py2.py3-none-any.whl", hash = "sha256:b97d804b1e9b523befed77c48dacec60e6dcb0b5391d57af6a65a312a90648c0"},
    {file = "idna-2.10.tar.gz", hash = "sha256:b307872f855b18632ce0c21c5e45be78c0ea7ae4c15c828c20788b26921eb3f6"},
]
importlib-metadata = [
    {file = "importlib_metadata-1.7.0-py2.py3-none-any.whl", hash = "sha256:dc15b2969b4ce36305c51eebe62d418ac7791e9a157911d58bfb1f9ccd8e2070"},
    {file = "importlib_metadata-1.7.0.tar.gz", hash = "sha256:90bb658cdbbf6d1735b6341ce708fc7024a3e14e99ffdc5783edea9f9b077f83"},
]
jinja2 = [
    {file = "Jinja2-2.11.2-py2.py3-none-any.whl", hash = "sha256:f0a4641d3cf955324a89c04f3d94663aa4d638abe8f733ecd3582848e1c37035"},
    {file = "Jinja2-2.11.2.tar.gz", hash = "sha256:89aab215427ef59c34ad58735269eb58b1a5808103067f7bb9d5836c651b3bb0"},
]
jsonschema = [
    {file = "jsonschema-3.2.0-py2.py3-none-any.whl", hash = "sha256:4e5b3cf8216f577bee9ce139cbe72eca3ea4f292ec60928ff24758ce626cd163"},
    {file = "jsonschema-3.2.0.tar.gz", hash = "sha256:c8a85b28d377cc7737e46e2d9f2b4f44ee3c0e1deac6bf46ddefc7187d30797a"},
]
lxml = [
    {file = "lxml-4.5.1-cp27-cp27m-macosx_10_9_x86_64.whl", hash = "sha256:ee2be8b8f72a2772e72ab926a3bccebf47bb727bda41ae070dc91d1fb759b726"},
    {file = "lxml-4.5.1-cp27-cp27m-manylinux1_i686.whl", hash = "sha256:fadd2a63a2bfd7fb604508e553d1cf68eca250b2fbdbd81213b5f6f2fbf23529"},
    {file = "lxml-4.5.1-cp27-cp27m-manylinux1_x86_64.whl", hash = "sha256:4f282737d187ae723b2633856085c31ae5d4d432968b7f3f478a48a54835f5c4"},
    {file = "lxml-4.5.1-cp27-cp27m-win32.whl", hash = "sha256:7fd88cb91a470b383aafad554c3fe1ccf6dfb2456ff0e84b95335d582a799804"},
    {file = "lxml-4.5.1-cp27-cp27m-win_amd64.whl", hash = "sha256:0790ddca3f825dd914978c94c2545dbea5f56f008b050e835403714babe62a5f"},
    {file = "lxml-4.5.1-cp27-cp27mu-manylinux1_i686.whl", hash = "sha256:9144ce36ca0824b29ebc2e02ca186e54040ebb224292072250467190fb613b96"},
    {file = "lxml-4.5.1-cp27-cp27mu-manylinux1_x86_64.whl", hash = "sha256:a636346c6c0e1092ffc202d97ec1843a75937d8c98aaf6771348ad6422e44bb0"},
    {file = "lxml-4.5.1-cp35-cp35m-manylinux1_i686.whl", hash = "sha256:f95d28193c3863132b1f55c1056036bf580b5a488d908f7d22a04ace8935a3a9"},
    {file = "lxml-4.5.1-cp35-cp35m-manylinux1_x86_64.whl", hash = "sha256:b26719890c79a1dae7d53acac5f089d66fd8cc68a81f4e4bd355e45470dc25e1"},
    {file = "lxml-4.5.1-cp35-cp35m-win32.whl", hash = "sha256:a9e3b8011388e7e373565daa5e92f6c9cb844790dc18e43073212bb3e76f7007"},
    {file = "lxml-4.5.1-cp35-cp35m-win_amd64.whl", hash = "sha256:2754d4406438c83144f9ffd3628bbe2dcc6d62b20dbc5c1ec4bc4385e5d44b42"},
    {file = "lxml-4.5.1-cp36-cp36m-macosx_10_9_x86_64.whl", hash = "sha256:925baf6ff1ef2c45169f548cc85204433e061360bfa7d01e1be7ae38bef73194"},
    {file = "lxml-4.5.1-cp36-cp36m-manylinux1_i686.whl", hash = "sha256:a87dbee7ad9dce3aaefada2081843caf08a44a8f52e03e0a4cc5819f8398f2f4"},
    {file = "lxml-4.5.1-cp36-cp36m-manylinux1_x86_64.whl", hash = "sha256:51bb4edeb36d24ec97eb3e6a6007be128b720114f9a875d6b370317d62ac80b9"},
    {file = "lxml-4.5.1-cp36-cp36m-win32.whl", hash = "sha256:c79e5debbe092e3c93ca4aee44c9a7631bdd407b2871cb541b979fd350bbbc29"},
    {file = "lxml-4.5.1-cp36-cp36m-win_amd64.whl", hash = "sha256:b7462cdab6fffcda853338e1741ce99706cdf880d921b5a769202ea7b94e8528"},
    {file = "lxml-4.5.1-cp37-cp37m-macosx_10_9_x86_64.whl", hash = "sha256:06748c7192eab0f48e3d35a7adae609a329c6257495d5e53878003660dc0fec6"},
    {file = "lxml-4.5.1-cp37-cp37m-manylinux1_i686.whl", hash = "sha256:1aa7a6197c1cdd65d974f3e4953764eee3d9c7b67e3966616b41fab7f8f516b7"},
    {file = "lxml-4.5.1-cp37-cp37m-manylinux1_x86_64.whl", hash = "sha256:afb53edf1046599991fb4a7d03e601ab5f5422a5435c47ee6ba91ec3b61416a6"},
    {file = "lxml-4.5.1-cp37-cp37m-win32.whl", hash = "sha256:2d1ddce96cf15f1254a68dba6935e6e0f1fe39247de631c115e84dd404a6f031"},
    {file = "lxml-4.5.1-cp37-cp37m-win_amd64.whl", hash = "sha256:22c6d34fdb0e65d5f782a4d1a1edb52e0a8365858dafb1c08cb1d16546cf0786"},
    {file = "lxml-4.5.1-cp38-cp38-macosx_10_9_x86_64.whl", hash = "sha256:c47a8a5d00060122ca5908909478abce7bbf62d812e3fc35c6c802df8fb01fe7"},
    {file = "lxml-4.5.1-cp38-cp38-manylinux1_i686.whl", hash = "sha256:b77975465234ff49fdad871c08aa747aae06f5e5be62866595057c43f8d2f62c"},
    {file = "lxml-4.5.1-cp38-cp38-manylinux1_x86_64.whl", hash = "sha256:2b02c106709466a93ed424454ce4c970791c486d5fcdf52b0d822a7e29789626"},
    {file = "lxml-4.5.1-cp38-cp38-win32.whl", hash = "sha256:7eee37c1b9815e6505847aa5e68f192e8a1b730c5c7ead39ff317fde9ce29448"},
    {file = "lxml-4.5.1-cp38-cp38-win_amd64.whl", hash = "sha256:d8d40e0121ca1606aa9e78c28a3a7d88a05c06b3ca61630242cded87d8ce55fa"},
    {file = "lxml-4.5.1.tar.gz", hash = "sha256:27ee0faf8077c7c1a589573b1450743011117f1aa1a91d5ae776bbc5ca6070f2"},
]
markupsafe = [
    {file = "MarkupSafe-1.1.1-cp27-cp27m-macosx_10_6_intel.whl", hash = "sha256:09027a7803a62ca78792ad89403b1b7a73a01c8cb65909cd876f7fcebd79b161"},
    {file = "MarkupSafe-1.1.1-cp27-cp27m-manylinux1_i686.whl", hash = "sha256:e249096428b3ae81b08327a63a485ad0878de3fb939049038579ac0ef61e17e7"},
    {file = "MarkupSafe-1.1.1-cp27-cp27m-manylinux1_x86_64.whl", hash = "sha256:500d4957e52ddc3351cabf489e79c91c17f6e0899158447047588650b5e69183"},
    {file = "MarkupSafe-1.1.1-cp27-cp27m-win32.whl", hash = "sha256:b2051432115498d3562c084a49bba65d97cf251f5a331c64a12ee7e04dacc51b"},
    {file = "MarkupSafe-1.1.1-cp27-cp27m-win_amd64.whl", hash = "sha256:98c7086708b163d425c67c7a91bad6e466bb99d797aa64f965e9d25c12111a5e"},
    {file = "MarkupSafe-1.1.1-cp27-cp27mu-manylinux1_i686.whl", hash = "sha256:cd5df75523866410809ca100dc9681e301e3c27567cf498077e8551b6d20e42f"},
    {file = "MarkupSafe-1.1.1-cp27-cp27mu-manylinux1_x86_64.whl", hash = "sha256:43a55c2930bbc139570ac2452adf3d70cdbb3cfe5912c71cdce1c2c6bbd9c5d1"},
    {file = "MarkupSafe-1.1.1-cp34-cp34m-macosx_10_6_intel.whl", hash = "sha256:1027c282dad077d0bae18be6794e6b6b8c91d58ed8a8d89a89d59693b9131db5"},
    {file = "MarkupSafe-1.1.1-cp34-cp34m-manylinux1_i686.whl", hash = "sha256:62fe6c95e3ec8a7fad637b7f3d372c15ec1caa01ab47926cfdf7a75b40e0eac1"},
    {file = "MarkupSafe-1.1.1-cp34-cp34m-manylinux1_x86_64.whl", hash = "sha256:88e5fcfb52ee7b911e8bb6d6aa2fd21fbecc674eadd44118a9cc3863f938e735"},
    {file = "MarkupSafe-1.1.1-cp34-cp34m-win32.whl", hash = "sha256:ade5e387d2ad0d7ebf59146cc00c8044acbd863725f887353a10df825fc8ae21"},
    {file = "MarkupSafe-1.1.1-cp34-cp34m-win_amd64.whl", hash = "sha256:09c4b7f37d6c648cb13f9230d847adf22f8171b1ccc4d5682398e77f40309235"},
    {file = "MarkupSafe-1.1.1-cp35-cp35m-macosx_10_6_intel.whl", hash = "sha256:79855e1c5b8da654cf486b830bd42c06e8780cea587384cf6545b7d9ac013a0b"},
    {file = "MarkupSafe-1.1.1-cp35-cp35m-manylinux1_i686.whl", hash = "sha256:c8716a48d94b06bb3b2524c2b77e055fb313aeb4ea620c8dd03a105574ba704f"},
    {file = "MarkupSafe-1.1.1-cp35-cp35m-manylinux1_x86_64.whl", hash = "sha256:7c1699dfe0cf8ff607dbdcc1e9b9af1755371f92a68f706051cc8c37d447c905"},
    {file = "MarkupSafe-1.1.1-cp35-cp35m-win32.whl", hash = "sha256:6dd73240d2af64df90aa7c4e7481e23825ea70af4b4922f8ede5b9e35f78a3b1"},
    {file = "MarkupSafe-1.1.1-cp35-cp35m-win_amd64.whl", hash = "sha256:9add70b36c5666a2ed02b43b335fe19002ee5235efd4b8a89bfcf9005bebac0d"},
    {file = "MarkupSafe-1.1.1-cp36-cp36m-macosx_10_6_intel.whl", hash = "sha256:24982cc2533820871eba85ba648cd53d8623687ff11cbb805be4ff7b4c971aff"},
    {file = "MarkupSafe-1.1.1-cp36-cp36m-manylinux1_i686.whl", hash = "sha256:00bc623926325b26bb9605ae9eae8a215691f33cae5df11ca5424f06f2d1f473"},
    {file = "MarkupSafe-1.1.1-cp36-cp36m-manylinux1_x86_64.whl", hash = "sha256:717ba8fe3ae9cc0006d7c451f0bb265ee07739daf76355d06366154ee68d221e"},
    {file = "MarkupSafe-1.1.1-cp36-cp36m-win32.whl", hash = "sha256:535f6fc4d397c1563d08b88e485c3496cf5784e927af890fb3c3aac7f933ec66"},
    {file = "MarkupSafe-1.1.1-cp36-cp36m-win_amd64.whl", hash = "sha256:b1282f8c00509d99fef04d8ba936b156d419be841854fe901d8ae224c59f0be5"},
    {file = "MarkupSafe-1.1.1-cp37-cp37m-macosx_10_6_intel.whl", hash = "sha256:8defac2f2ccd6805ebf65f5eeb132adcf2ab57aa11fdf4c0dd5169a004710e7d"},
    {file = "MarkupSafe-1.1.1-cp37-cp37m-manylinux1_i686.whl", hash = "sha256:46c99d2de99945ec5cb54f23c8cd5689f6d7177305ebff350a58ce5f8de1669e"},
    {file = "MarkupSafe-1.1.1-cp37-cp37m-manylinux1_x86_64.whl", hash = "sha256:ba59edeaa2fc6114428f1637ffff42da1e311e29382d81b339c1817d37ec93c6"},
    {file = "MarkupSafe-1.1.1-cp37-cp37m-win32.whl", hash = "sha256:b00c1de48212e4cc9603895652c5c410df699856a2853135b3967591e4beebc2"},
    {file = "MarkupSafe-1.1.1-cp37-cp37m-win_amd64.whl", hash = "sha256:9bf40443012702a1d2070043cb6291650a0841ece432556f784f004937f0f32c"},
    {file = "MarkupSafe-1.1.1-cp38-cp38-macosx_10_9_x86_64.whl", hash = "sha256:6788b695d50a51edb699cb55e35487e430fa21f1ed838122d722e0ff0ac5ba15"},
    {file = "MarkupSafe-1.1.1-cp38-cp38-manylinux1_i686.whl", hash = "sha256:cdb132fc825c38e1aeec2c8aa9338310d29d337bebbd7baa06889d09a60a1fa2"},
    {file = "MarkupSafe-1.1.1-cp38-cp38-manylinux1_x86_64.whl", hash = "sha256:13d3144e1e340870b25e7b10b98d779608c02016d5184cfb9927a9f10c689f42"},
    {file = "MarkupSafe-1.1.1-cp38-cp38-win32.whl", hash = "sha256:596510de112c685489095da617b5bcbbac7dd6384aeebeda4df6025d0256a81b"},
    {file = "MarkupSafe-1.1.1-cp38-cp38-win_amd64.whl", hash = "sha256:e8313f01ba26fbbe36c7be1966a7b7424942f670f38e666995b88d012765b9be"},
    {file = "MarkupSafe-1.1.1.tar.gz", hash = "sha256:29872e92839765e546828bb7754a68c418d927cd064fd4708fab9fe9c8bb116b"},
]
more-itertools = [
    {file = "more-itertools-8.4.0.tar.gz", hash = "sha256:68c70cc7167bdf5c7c9d8f6954a7837089c6a36bf565383919bb595efb8a17e5"},
    {file = "more_itertools-8.4.0-py3-none-any.whl", hash = "sha256:b78134b2063dd214000685165d81c154522c3ee0a1c0d4d113c80361c234c5a2"},
]
networkx = [
    {file = "networkx-2.4-py3-none-any.whl", hash = "sha256:cdfbf698749a5014bf2ed9db4a07a5295df1d3a53bf80bf3cbd61edf9df05fa1"},
    {file = "networkx-2.4.tar.gz", hash = "sha256:f8f4ff0b6f96e4f9b16af6b84622597b5334bf9cae8cf9b2e42e7985d5c95c64"},
]
packaging = [
    {file = "packaging-20.4-py2.py3-none-any.whl", hash = "sha256:998416ba6962ae7fbd6596850b80e17859a5753ba17c32284f67bfff33784181"},
    {file = "packaging-20.4.tar.gz", hash = "sha256:4357f74f47b9c12db93624a82154e9b120fa8293699949152b22065d556079f8"},
]
pluggy = [
    {file = "pluggy-0.13.1-py2.py3-none-any.whl", hash = "sha256:966c145cd83c96502c3c3868f50408687b38434af77734af1e9ca461a4081d2d"},
    {file = "pluggy-0.13.1.tar.gz", hash = "sha256:15b2acde666561e1298d71b523007ed7364de07029219b604cf808bfa1c765b0"},
]
prettyprinter = [
    {file = "prettyprinter-0.18.0-py2.py3-none-any.whl", hash = "sha256:358a58f276cb312e3ca29d7a7f244c91e4e0bda7848249d30e4f36d2eb58b67c"},
    {file = "prettyprinter-0.18.0.tar.gz", hash = "sha256:9fe5da7ec53510881dd35d7a5c677ba45f34cfe6a8e78d1abd20652cf82139a8"},
]
py = [
    {file = "py-1.9.0-py2.py3-none-any.whl", hash = "sha256:366389d1db726cd2fcfc79732e75410e5fe4d31db13692115529d34069a043c2"},
    {file = "py-1.9.0.tar.gz", hash = "sha256:9ca6883ce56b4e8da7e79ac18787889fa5206c79dcc67fb065376cd2fe03f342"},
]
pygments = [
    {file = "Pygments-2.6.1-py3-none-any.whl", hash = "sha256:ff7a40b4860b727ab48fad6360eb351cc1b33cbf9b15a0f689ca5353e9463324"},
    {file = "Pygments-2.6.1.tar.gz", hash = "sha256:647344a061c249a3b74e230c739f434d7ea4d8b1d5f3721bc0f3558049b38f44"},
]
pyparsing = [
    {file = "pyparsing-2.4.7-py2.py3-none-any.whl", hash = "sha256:ef9d7589ef3c200abe66653d3f1ab1033c3c419ae9b9bdb1240a85b024efc88b"},
    {file = "pyparsing-2.4.7.tar.gz", hash = "sha256:c203ec8783bf771a155b207279b9bccb8dea02d8f0c9e5f8ead507bc3246ecc1"},
]
pyrsistent = [
    {file = "pyrsistent-0.16.0.tar.gz", hash = "sha256:28669905fe725965daa16184933676547c5bb40a5153055a8dee2a4bd7933ad3"},
]
pytest = [
    {file = "pytest-5.4.3-py3-none-any.whl", hash = "sha256:5c0db86b698e8f170ba4582a492248919255fcd4c79b1ee64ace34301fb589a1"},
    {file = "pytest-5.4.3.tar.gz", hash = "sha256:7979331bfcba207414f5e1263b5a0f8f521d0f457318836a7355531ed1a4c7d8"},
]
pytest-cov = [
    {file = "pytest-cov-2.10.0.tar.gz", hash = "sha256:1a629dc9f48e53512fcbfda6b07de490c374b0c83c55ff7a1720b3fccff0ac87"},
    {file = "pytest_cov-2.10.0-py2.py3-none-any.whl", hash = "sha256:6e6d18092dce6fad667cd7020deed816f858ad3b49d5b5e2b1cc1c97a4dba65c"},
]
pytest-randomly = [
    {file = "pytest-randomly-3.4.0.tar.gz", hash = "sha256:e44a69623237e47cc4ee77da9c04c6b505ed1a7b00656dc1409f8344c707b87b"},
    {file = "pytest_randomly-3.4.0-py3-none-any.whl", hash = "sha256:4e02887ba52f021cc8d5429e91e93be2b5df4adf38bf1715c7c153968b260b59"},
]
python-magic = [
    {file = "python-magic-0.4.18.tar.gz", hash = "sha256:b757db2a5289ea3f1ced9e60f072965243ea43a2221430048fd8cacab17be0ce"},
    {file = "python_magic-0.4.18-py2.py3-none-any.whl", hash = "sha256:356efa93c8899047d1eb7d3eb91e871ba2f5b1376edbaf4cc305e3c872207355"},
]
python-rapidjson = [
    {file = "python-rapidjson-0.9.1.tar.gz", hash = "sha256:ad80bd7e4bb15d9705227630037a433e2e2a7982b54b51de2ebabdd1611394a1"},
    {file = "python_rapidjson-0.9.1-cp35-cp35m-macosx_10_6_intel.whl", hash = "sha256:c7d509a8c6192c6e57b5e2c005e8c6dd8d2f988776b3444af42a39ffda38f6a8"},
    {file = "python_rapidjson-0.9.1-cp35-cp35m-manylinux1_i686.whl", hash = "sha256:842c2298f91ecae60925bb133ad5dfb2793dcb909266b88d1d30eaabfd3f5199"},
    {file = "python_rapidjson-0.9.1-cp35-cp35m-manylinux1_x86_64.whl", hash = "sha256:99c7896f14ddd7592842da5181ae6b2cf4362159cde7993875b72b93818a4840"},
    {file = "python_rapidjson-0.9.1-cp35-cp35m-manylinux2010_i686.whl", hash = "sha256:5647c1df3cd2253d16192795c61aeb7be37c07d007179aaeac014992cddc937c"},
    {file = "python_rapidjson-0.9.1-cp35-cp35m-manylinux2010_x86_64.whl", hash = "sha256:b8d26ceb35495a885c4dcf8d28946ae2a878dc749d3c0fedbf0df6e6f5d99f06"},
    {file = "python_rapidjson-0.9.1-cp35-cp35m-win32.whl", hash = "sha256:680a476d41f95cdc7292d17fcb1fcf54445f08e9ca1c5fba2a6067016b42a859"},
    {file = "python_rapidjson-0.9.1-cp35-cp35m-win_amd64.whl", hash = "sha256:292fdd82d4cc3e81b01b46717b969fbba56d19e70708e545e7d86c70cc11596a"},
    {file = "python_rapidjson-0.9.1-cp36-cp36m-macosx_10_6_intel.whl", hash = "sha256:541935d6ef72d6e665acbb649144d4f7aa364e54b0d3c6689b5d427bec2b07c2"},
    {file = "python_rapidjson-0.9.1-cp36-cp36m-manylinux1_i686.whl", hash = "sha256:0fc885de12a35699ed7e4ec9fa56ec791d1d2404269398bf989543e6b324c7fd"},
    {file = "python_rapidjson-0.9.1-cp36-cp36m-manylinux1_x86_64.whl", hash = "sha256:0e129f8c5a098aa7d066fe7ca3a99411010bf3ca1dc17525d4869c77e2dd4351"},
    {file = "python_rapidjson-0.9.1-cp36-cp36m-manylinux2010_i686.whl", hash = "sha256:dab0d99456537e180da9f311aff70712a165c6c362dc4da5fd766ab53869bb64"},
    {file = "python_rapidjson-0.9.1-cp36-cp36m-manylinux2010_x86_64.whl", hash = "sha256:c687dd3b2566dd8fbee4d24b484d35e17b4be9edea720a6601fcf65f39f9b1cd"},
    {file = "python_rapidjson-0.9.1-cp36-cp36m-win32.whl", hash = "sha256:7321bd3b7c96417f0c3d83c1b40d350e0f4893549881bdb384dadf08034f7975"},
    {file = "python_rapidjson-0.9.1-cp36-cp36m-win_amd64.whl", hash = "sha256:12eab9675a75dd14c07ee851429a5465f051aa1ebf66ade093fb15f0dc3159a6"},
    {file = "python_rapidjson-0.9.1-cp37-cp37m-macosx_10_6_intel.whl", hash = "sha256:4e00de6ae6a4c0f91a9096fdea79d4c074166578a431ad4141b678d4531be081"},
    {file = "python_rapidjson-0.9.1-cp37-cp37m-manylinux1_i686.whl", hash = "sha256:c31e659b9720358533e2774fac12f5e5c4ea8cd45e6629fc8eccad0d8f421552"},
    {file = "python_rapidjson-0.9.1-cp37-cp37m-manylinux1_x86_64.whl", hash = "sha256:fc43e5376d8a1243c82e27397011bf03297e94242d45fad2f7b7b1561bf29615"},
    {file = "python_rapidjson-0.9.1-cp37-cp37m-manylinux2010_i686.whl", hash = "sha256:602904892022bef8b1a1e4dc633c052e400d66652fcf0313167d4e227718629c"},
    {file = "python_rapidjson-0.9.1-cp37-cp37m-manylinux2010_x86_64.whl", hash = "sha256:47bb70892452a14729a76e08bb60ba5f9628f5c6ee6a9a0c648fa3c6e543f019"},
    {file = "python_rapidjson-0.9.1-cp37-cp37m-win32.whl", hash = "sha256:70fbeacd28582a9be0b1fe521c14a9fa7d62d624616325de9c55dc53001f6715"},
    {file = "python_rapidjson-0.9.1-cp37-cp37m-win_amd64.whl", hash = "sha256:ad554220dd5903f67765f69698c9c0be50ad67cc989ed9f406c2c19c73d8f2f3"},
    {file = "python_rapidjson-0.9.1-cp38-cp38-macosx_10_9_x86_64.whl", hash = "sha256:2c3f37212499fab32abc3d53d591231e9fe99668f6a93faf8d17de30cdaf80a3"},
    {file = "python_rapidjson-0.9.1-cp38-cp38-manylinux1_i686.whl", hash = "sha256:887026e57e5a142d31d06087ecee556062d83ee1c4dca81230c8d2a6a4cefc40"},
    {file = "python_rapidjson-0.9.1-cp38-cp38-manylinux1_x86_64.whl", hash = "sha256:f81061d34e1510ab284e0c447e7b68dc6f3989260f57d84b3f335e10433692ca"},
    {file = "python_rapidjson-0.9.1-cp38-cp38-manylinux2010_i686.whl", hash = "sha256:c86d6b499603ece6c487cb45d757f7ee1cc8f8a5dc9e1a5548ce54cd763ffe48"},
    {file = "python_rapidjson-0.9.1-cp38-cp38-manylinux2010_x86_64.whl", hash = "sha256:3eee83134adfec5644821c10f776839ee78f9321c691af0116d8fb4331caeb32"},
    {file = "python_rapidjson-0.9.1-cp38-cp38-win32.whl", hash = "sha256:26bfff41f0206f6f1df42c31a4c0d7c8de1e0fb57731707a0e04fa094f8bb7e1"},
    {file = "python_rapidjson-0.9.1-cp38-cp38-win_amd64.whl", hash = "sha256:b11b523ba060fecadf306eeea597645fed287369971bddac1e5bb76e9bff016d"},
]
python-tlsh = [
    {file = "python-tlsh-3.17.0.tar.gz", hash = "sha256:daeab966d63fd87a5f3d341301b22952f28d72a06a4c71936123c4bb7fa5ae5a"},
]
pytz = [
    {file = "pytz-2020.1-py2.py3-none-any.whl", hash = "sha256:a494d53b6d39c3c6e44c3bec237336e14305e4f29bbf800b599253057fbb79ed"},
    {file = "pytz-2020.1.tar.gz", hash = "sha256:c35965d010ce31b23eeb663ed3cc8c906275d6be1a34393a1d73a41febf4a048"},
]
requests = [
    {file = "requests-2.24.0-py2.py3-none-any.whl", hash = "sha256:fe75cc94a9443b9246fc7049224f75604b113c36acb93f87b80ed42c44cbb898"},
    {file = "requests-2.24.0.tar.gz", hash = "sha256:b3559a131db72c33ee969480840fff4bb6dd111de7dd27c8ee1f820f4f00231b"},
]
requirements-parser = [
    {file = "requirements-parser-0.2.0.tar.gz", hash = "sha256:5963ee895c2d05ae9f58d3fc641082fb38021618979d6a152b6b1398bd7d4ed4"},
    {file = "requirements_parser-0.2.0-py2-none-any.whl", hash = "sha256:76650b4a9d98fc65edf008a7920c076bb2a76c08eaae230ce4cfc6f51ea6a773"},
]
responses = [
    {file = "responses-0.10.15-py2.py3-none-any.whl", hash = "sha256:af94d28cdfb48ded0ad82a5216616631543650f440334a693479b8991a6594a2"},
    {file = "responses-0.10.15.tar.gz", hash = "sha256:7bb697a5fedeb41d81e8b87f152d453d5cab42dcd1691b6a7d6097e94d33f373"},
]
simplejson = [
    {file = "simplejson-3.17.0-cp27-cp27m-macosx_10_13_x86_64.whl", hash = "sha256:87d349517b572964350cc1adc5a31b493bbcee284505e81637d0174b2758ba17"},
    {file = "simplejson-3.17.0-cp27-cp27m-win32.whl", hash = "sha256:1d1e929cdd15151f3c0b2efe953b3281b2fd5ad5f234f77aca725f28486466f6"},
    {file = "simplejson-3.17.0-cp27-cp27m-win_amd64.whl", hash = "sha256:1ea59f570b9d4916ae5540a9181f9c978e16863383738b69a70363bc5e63c4cb"},
    {file = "simplejson-3.17.0-cp33-cp33m-win32.whl", hash = "sha256:8027bd5f1e633eb61b8239994e6fc3aba0346e76294beac22a892eb8faa92ba1"},
    {file = "simplejson-3.17.0-cp33-cp33m-win_amd64.whl", hash = "sha256:22a7acb81968a7c64eba7526af2cf566e7e2ded1cb5c83f0906b17ff1540f866"},
    {file = "simplejson-3.17.0-cp34-cp34m-win32.whl", hash = "sha256:17163e643dbf125bb552de17c826b0161c68c970335d270e174363d19e7ea882"},
    {file = "simplejson-3.17.0-cp34-cp34m-win_amd64.whl", hash = "sha256:0fe3994207485efb63d8f10a833ff31236ed27e3b23dadd0bf51c9900313f8f2"},
    {file = "simplejson-3.17.0-cp35-cp35m-win32.whl", hash = "sha256:4cf91aab51b02b3327c9d51897960c554f00891f9b31abd8a2f50fd4a0071ce8"},
    {file = "simplejson-3.17.0-cp35-cp35m-win_amd64.whl", hash = "sha256:fc9051d249dd5512e541f20330a74592f7a65b2d62e18122ca89bf71f94db748"},
    {file = "simplejson-3.17.0-cp36-cp36m-macosx_10_13_x86_64.whl", hash = "sha256:86afc5b5cbd42d706efd33f280fec7bd7e2772ef54e3f34cf6b30777cd19a614"},
    {file = "simplejson-3.17.0-cp36-cp36m-win32.whl", hash = "sha256:926bcbef9eb60e798eabda9cd0bbcb0fca70d2779aa0aa56845749d973eb7ad5"},
    {file = "simplejson-3.17.0-cp36-cp36m-win_amd64.whl", hash = "sha256:daaf4d11db982791be74b23ff4729af2c7da79316de0bebf880fa2d60bcc8c5a"},
    {file = "simplejson-3.17.0-cp37-cp37m-macosx_10_14_x86_64.whl", hash = "sha256:9a126c3a91df5b1403e965ba63b304a50b53d8efc908a8c71545ed72535374a3"},
    {file = "simplejson-3.17.0-cp37-cp37m-win32.whl", hash = "sha256:fc046afda0ed8f5295212068266c92991ab1f4a50c6a7144b69364bdee4a0159"},
    {file = "simplejson-3.17.0-cp37-cp37m-win_amd64.whl", hash = "sha256:7cce4bac7e0d66f3a080b80212c2238e063211fe327f98d764c6acbc214497fc"},
    {file = "simplejson-3.17.0.tar.gz", hash = "sha256:2b4b2b738b3b99819a17feaf118265d0753d5536049ea570b3c43b51c4701e81"},
    {file = "simplejson-3.17.0.win-amd64-py2.7.exe", hash = "sha256:1d346c2c1d7dd79c118f0cc7ec5a1c4127e0c8ffc83e7b13fc5709ff78c9bb84"},
    {file = "simplejson-3.17.0.win-amd64-py3.3.exe", hash = "sha256:5cfd495527f8b85ce21db806567de52d98f5078a8e9427b18e251c68bd573a26"},
    {file = "simplejson-3.17.0.win-amd64-py3.4.exe", hash = "sha256:8de378d589eccbc75941e480b4d5b4db66f22e4232f87543b136b1f093fff342"},
    {file = "simplejson-3.17.0.win-amd64-py3.5.exe", hash = "sha256:f4b64a1031acf33e281fd9052336d6dad4d35eee3404c95431c8c6bc7a9c0588"},
    {file = "simplejson-3.17.0.win-amd64-py3.6.exe", hash = "sha256:ad8dd3454d0c65c0f92945ac86f7b9efb67fa2040ba1b0189540e984df904378"},
    {file = "simplejson-3.17.0.win-amd64-py3.7.exe", hash = "sha256:229edb079d5dd81bf12da952d4d825bd68d1241381b37d3acf961b384c9934de"},
    {file = "simplejson-3.17.0.win32-py2.7.exe", hash = "sha256:4fd5f79590694ebff8dc980708e1c182d41ce1fda599a12189f0ca96bf41ad70"},
    {file = "simplejson-3.17.0.win32-py3.3.exe", hash = "sha256:d140e9376e7f73c1f9e0a8e3836caf5eec57bbafd99259d56979da05a6356388"},
    {file = "simplejson-3.17.0.win32-py3.4.exe", hash = "sha256:da00675e5e483ead345429d4f1374ab8b949fba4429d60e71ee9d030ced64037"},
    {file = "simplejson-3.17.0.win32-py3.5.exe", hash = "sha256:7739940d68b200877a15a5ff5149e1599737d6dd55e302625650629350466418"},
    {file = "simplejson-3.17.0.win32-py3.6.exe", hash = "sha256:60aad424e47c5803276e332b2a861ed7a0d46560e8af53790c4c4fb3420c26c2"},
    {file = "simplejson-3.17.0.win32-py3.7.exe", hash = "sha256:1fbba86098bbfc1f85c5b69dc9a6d009055104354e0d9880bb00b692e30e0078"},
]
six = [
    {file = "six-1.15.0-py2.py3-none-any.whl", hash = "sha256:8b74bedcbbbaca38ff6d7491d76f2b06b3592611af620f8426e82dddb04a5ced"},
    {file = "six-1.15.0.tar.gz", hash = "sha256:30639c035cdb23534cd4aa2dd52c3bf48f06e5f4a941509c8bafd8ce11080259"},
]
smmap = [
    {file = "smmap-3.0.4-py2.py3-none-any.whl", hash = "sha256:54c44c197c819d5ef1991799a7e30b662d1e520f2ac75c9efbeb54a742214cf4"},
    {file = "smmap-3.0.4.tar.gz", hash = "sha256:9c98bbd1f9786d22f14b3d4126894d56befb835ec90cef151af566c7e19b5d24"},
]
textdistance = [
    {file = "textdistance-4.2.0-py3-none-any.whl", hash = "sha256:61ddcdd9a78da99eff11dc1219d444f72915212cf36947de3266a356f5e934f7"},
    {file = "textdistance-4.2.0.tar.gz", hash = "sha256:6d2a398815aeed453cfb38a3b62da74e33fa6a5f4e42845fd1d2c9611836befd"},
]
tqdm = [
    {file = "tqdm-4.46.1-py2.py3-none-any.whl", hash = "sha256:07c06493f1403c1380b630ae3dcbe5ae62abcf369a93bbc052502279f189ab8c"},
    {file = "tqdm-4.46.1.tar.gz", hash = "sha256:cd140979c2bebd2311dfb14781d8f19bd5a9debb92dcab9f6ef899c987fcf71f"},
]
urllib3 = [
    {file = "urllib3-1.25.9-py2.py3-none-any.whl", hash = "sha256:88206b0eb87e6d677d424843ac5209e3fb9d0190d0ee169599165ec25e9d9115"},
    {file = "urllib3-1.25.9.tar.gz", hash = "sha256:3018294ebefce6572a474f0604c2021e33b3fd8006ecd11d62107a5d2a963527"},
]
wcwidth = [
    {file = "wcwidth-0.2.5-py2.py3-none-any.whl", hash = "sha256:beb4802a9cebb9144e99086eff703a642a13d6a0052920003a230f3294bbe784"},
    {file = "wcwidth-0.2.5.tar.gz", hash = "sha256:c4d647b99872929fdb7bdcaa4fbe7f01413ed3d98077df798530e5b04f116c83"},
]
yara-python = [
    {file = "yara-python-4.0.2.tar.gz", hash = "sha256:c446e15a7ef1de56129eb311b3a920417ea3c3b4806b6ba979136bf861fa51d9"},
    {file = "yara_python-4.0.2-cp35-cp35m-win32.whl", hash = "sha256:7c8fc1275c77551bdef057b5b5b243896ca21b42e15ed9416884bffe4bec584b"},
    {file = "yara_python-4.0.2-cp35-cp35m-win_amd64.whl", hash = "sha256:a8f403a9c9180532258ca3f01c04b9fb12907003bd0840524c7188c10f6989ae"},
    {file = "yara_python-4.0.2-cp36-cp36m-win32.whl", hash = "sha256:b34cf660918e90351829ae68c7dd3bd4927cd39a4f05fc37966da50abbbb9468"},
    {file = "yara_python-4.0.2-cp36-cp36m-win_amd64.whl", hash = "sha256:cd18d31cd044a7e383c63617f4a1c7047209b14312ab527a3741eaca79f3f88c"},
    {file = "yara_python-4.0.2-cp37-cp37m-win32.whl", hash = "sha256:b0aa7135fef4ef2ede35d425ff777feeed174f3171faa520daa7bd99b54e082b"},
    {file = "yara_python-4.0.2-cp37-cp37m-win_amd64.whl", hash = "sha256:3843ffead5b88a62582173f74f7277c0765b1d60ae55583ab95b31361fc24715"},
    {file = "yara_python-4.0.2-cp38-cp38m-win32.whl", hash = "sha256:da37edad1e724cf586be0c78451cc3e3e3673b28676ed423e750f5cb793f22ee"},
    {file = "yara_python-4.0.2-cp38-cp38m-win_amd64.whl", hash = "sha256:2199f11e3f14dd176a4ccf3e9d46a366f9a8723cd95066eb4e22625d1774da3e"},
]
zipp = [
    {file = "zipp-3.1.0-py3-none-any.whl", hash = "sha256:aa36550ff0c0b7ef7fa639055d797116ee891440eac1a56f378e2d3179e0320b"},
    {file = "zipp-3.1.0.tar.gz", hash = "sha256:c599e4d75c98f6798c509911d08a22e6c021d074469042177c8c86fb92eefd96"},
]
